
Microsoft Visual Studio Solution File, Format Version 12.00
# Visual Studio 2012
Project("{f2a71f9b-5d33-465a-a702-920d77279786}") = "Space Shooter Scripts", "Space Shooter Scripts.fsproj", "{08313FB5-99B5-468D-8CE9-CE0EA873911E}"
EndProject
Global
	GlobalSection(SolutionConfigurationPlatforms) = preSolution
		Debug|Any CPU = Debug|Any CPU
		Release|Any CPU = Release|Any CPU
	EndGlobalSection
	GlobalSection(ProjectConfigurationPlatforms) = postSolution
		{08313FB5-99B5-468D-8CE9-CE0EA873911E}.Debug|Any CPU.ActiveCfg = Debug|Any CPU
		{08313FB5-99B5-468D-8CE9-CE0EA873911E}.Debug|Any CPU.Build.0 = Debug|Any CPU
		{08313FB5-99B5-468D-8CE9-CE0EA873911E}.Release|Any CPU.ActiveCfg = Release|Any CPU
		{08313FB5-99B5-468D-8CE9-CE0EA873911E}.Release|Any CPU.Build.0 = Release|Any CPU
	EndGlobalSection
EndGlobal
